# This file is autogenerated, do not edit; changes may be undone by the next 'dep ensure'.


[[projects]]
  name = "github.com/abbot/go-http-auth"
  packages = ["."]
  revision = "0ddd408d5d60ea76e320503cc7dd091992dee608"
  version = "v0.4.0"

[[projects]]
  branch = "master"
  name = "github.com/cloudflare/golibs"
  packages = ["lrucache"]
  revision = "c264325fca7b3901d89e77359e1f84f9eb1e6ec2"

[[projects]]
  branch = "master"
  name = "github.com/jinzhu/copier"
  packages = ["."]
  revision = "8bfca8a02a0ce12119cdc4974143c834ca589257"

[[projects]]
  branch = "master"
  name = "github.com/miekg/dns"
  packages = ["."]
  revision = "0559e6d230af0a3a7273853cb6994ebea21bfbe5"

[[projects]]
  name = "github.com/naoina/go-stringutil"
  packages = ["."]
  revision = "6b638e95a32d0c1131db0e7fe83775cbea4a0d0b"
  version = "v0.1.0"

[[projects]]
  name = "github.com/naoina/toml"
  packages = [".","ast"]
  revision = "e6f5723bf2a66af014955e0888881314cf294129"
  version = "v0.1.1"

[[projects]]
  branch = "master"
  name = "github.com/phuslu/glog"
  packages = ["."]
  revision = "64fbd8d99208f048476e08a1e76cc92047bce2ac"

[[projects]]
  branch = "master"
  name = "github.com/yaproxy/libyap"
  packages = ["proxy"]
  revision = "69c183b70800787713ccd9e10ead1cfb8a408fe8"

[[projects]]
  branch = "master"
  name = "golang.org/x/crypto"
  packages = ["acme","acme/autocert","bcrypt","blowfish","curve25519","ed25519","ed25519/internal/edwards25519","ssh"]
  revision = "3627ff35f31987174dbee61d9d1dcc1c643e7174"

[[projects]]
  branch = "master"
  name = "golang.org/x/net"
  packages = ["context","http2","http2/hpack","idna","lex/httplex"]
  revision = "054b33e6527139ad5b1ec2f6232c3b175bd9a30c"

[[projects]]
  branch = "master"
  name = "golang.org/x/text"
  packages = ["internal/gen","internal/triegen","internal/ucd","secure/bidirule","transform","unicode/bidi","unicode/cldr","unicode/norm","unicode/rangetable"]
  revision = "cfdf022e86b4ecfb646e1efbd7db175dd623a8fa"

[solve-meta]
  analyzer-name = "dep"
  analyzer-version = 1
  inputs-digest = "076d0609931e2046342b6603989fd5f833820d918e2ce2dfc8bc87c924920492"
  solver-name = "gps-cdcl"
  solver-version = 1
